
Microsoft Visual Studio Solution File, Format Version 12.00
# Visual Studio Version 16
VisualStudioVersion = 16.0.31624.102
MinimumVisualStudioVersion = 10.0.40219.1
Project("{FAE04EC0-301F-11D3-BF4B-00C04F79EFBC}") = "ApiCatalogoJogos", "ApiCatalogoJogos\ApiCatalogoJogos.csproj", "{BDCBAFE0-5BB4-4D22-81E4-D1BDAE23EF4D}"
EndProject
Global
	GlobalSection(SolutionConfigurationPlatforms) = preSolution
		Debug|Any CPU = Debug|Any CPU
		Release|Any CPU = Release|Any CPU
	EndGlobalSection
	GlobalSection(ProjectConfigurationPlatforms) = postSolution
		{BDCBAFE0-5BB4-4D22-81E4-D1BDAE23EF4D}.Debug|Any CPU.ActiveCfg = Debug|Any CPU
		{BDCBAFE0-5BB4-4D22-81E4-D1BDAE23EF4D}.Debug|Any CPU.Build.0 = Debug|Any CPU
		{BDCBAFE0-5BB4-4D22-81E4-D1BDAE23EF4D}.Release|Any CPU.ActiveCfg = Release|Any CPU
		{BDCBAFE0-5BB4-4D22-81E4-D1BDAE23EF4D}.Release|Any CPU.Build.0 = Release|Any CPU
	EndGlobalSection
	GlobalSection(SolutionProperties) = preSolution
		HideSolutionNode = FALSE
	EndGlobalSection
	GlobalSection(ExtensibilityGlobals) = postSolution
		SolutionGuid = {E7C60C7E-DF17-43C5-A46E-2247FB45029E}
	EndGlobalSection
EndGlobal
